
Microsoft Visual Studio Solution File, Format Version 12.00
# Visual Studio Version 16
VisualStudioVersion = 16.0.33423.256
MinimumVisualStudioVersion = 10.0.40219.1
Project("{FAE04EC0-301F-11D3-BF4B-00C04F79EFBC}") = "Abstract Pattern", "Abstract Pattern\Abstract Pattern.csproj", "{6467EE25-8341-440E-9884-BDE4678A1A65}"
EndProject
Global
	GlobalSection(SolutionConfigurationPlatforms) = preSolution
		Debug|Any CPU = Debug|Any CPU
		Release|Any CPU = Release|Any CPU
	EndGlobalSection
	GlobalSection(ProjectConfigurationPlatforms) = postSolution
		{6467EE25-8341-440E-9884-BDE4678A1A65}.Debug|Any CPU.ActiveCfg = Debug|Any CPU
		{6467EE25-8341-440E-9884-BDE4678A1A65}.Debug|Any CPU.Build.0 = Debug|Any CPU
		{6467EE25-8341-440E-9884-BDE4678A1A65}.Release|Any CPU.ActiveCfg = Release|Any CPU
		{6467EE25-8341-440E-9884-BDE4678A1A65}.Release|Any CPU.Build.0 = Release|Any CPU
	EndGlobalSection
	GlobalSection(SolutionProperties) = preSolution
		HideSolutionNode = FALSE
	EndGlobalSection
	GlobalSection(ExtensibilityGlobals) = postSolution
		SolutionGuid = {83482ED9-CE20-42FA-8984-1E9F5EC4A6D2}
	EndGlobalSection
EndGlobal
